// !$*UTF8*$!
{
	archiveVersion = 1;
	classes = {
	};
	objectVersion = 50;
	objects = {

/* Begin PBXBuildFile section */
		2AABC42124BE0A3E00746621 /* Assets.xcassets in Resources */ = {isa = PBXBuildFile; fileRef = 2AABC42024BE0A3E00746621 /* Assets.xcassets */; };
		2AABC42424BE0A3E00746621 /* Main.storyboard in Resources */ = {isa = PBXBuildFile; fileRef = 2AABC42224BE0A3E00746621 /* Main.storyboard */; };
		2AABC43024BE0AF300746621 /* OpenGL.framework in Frameworks */ = {isa = PBXBuildFile; fileRef = 2AABC42F24BE0AF300746621 /* OpenGL.framework */; };
		2AABC43224BE0AF800746621 /* GLUT.framework in Frameworks */ = {isa = PBXBuildFile; fileRef = 2AABC43124BE0AF800746621 /* GLUT.framework */; };
		2AABC44424BE0B5000746621 /* libGLTools.a in Frameworks */ = {isa = PBXBuildFile; fileRef = 2AABC44324BE0B5000746621 /* libGLTools.a */; };
		2AABC44524BE0B8E00746621 /* glew.h in Sources */ = {isa = PBXBuildFile; fileRef = 2AABC44124BE0B3700746621 /* glew.h */; };
		2AABC44624BE0B9300746621 /* GLTools.h in Sources */ = {isa = PBXBuildFile; fileRef = 2AABC44224BE0B3700746621 /* GLTools.h */; };
		2AABC44824BE0C1E00746621 /* main.cpp in Sources */ = {isa = PBXBuildFile; fileRef = 2AABC44724BE0C1E00746621 /* main.cpp */; };
/* End PBXBuildFile section */

/* Begin PBXFileReference section */
		2AABC41724BE0A3C00746621 /* DemoDemo.app */ = {isa = PBXFileReference; explicitFileType = wrapper.application; includeInIndex = 0; path = DemoDemo.app; sourceTree = BUILT_PRODUCTS_DIR; };
		2AABC42024BE0A3E00746621 /* Assets.xcassets */ = {isa = PBXFileReference; lastKnownFileType = folder.assetcatalog; path = Assets.xcassets; sourceTree = "<group>"; };
		2AABC42324BE0A3E00746621 /* Base */ = {isa = PBXFileReference; lastKnownFileType = file.storyboard; name = Base; path = Base.lproj/Main.storyboard; sourceTree = "<group>"; };
		2AABC42524BE0A3E00746621 /* Info.plist */ = {isa = PBXFileReference; lastKnownFileType = text.plist.xml; path = Info.plist; sourceTree = "<group>"; };
		2AABC42824BE0A3E00746621 /* DemoDemo.entitlements */ = {isa = PBXFileReference; lastKnownFileType = text.plist.entitlements; path = DemoDemo.entitlements; sourceTree = "<group>"; };
		2AABC42F24BE0AF300746621 /* OpenGL.framework */ = {isa = PBXFileReference; lastKnownFileType = wrapper.framework; name = OpenGL.framework; path = System/Library/Frameworks/OpenGL.framework; sourceTree = SDKROOT; };
		2AABC43124BE0AF800746621 /* GLUT.framework */ = {isa = PBXFileReference; lastKnownFileType = wrapper.framework; name = GLUT.framework; path = System/Library/Frameworks/GLUT.framework; sourceTree = SDKROOT; };
		2AABC43424BE0B3700746621 /* GLBatchBase.h */ = {isa = PBXFileReference; fileEncoding = 4; lastKnownFileType = sourcecode.c.h; path = GLBatchBase.h; sourceTree = "<group>"; };
		2AABC43524BE0B3700746621 /* math3d.h */ = {isa = PBXFileReference; fileEncoding = 4; lastKnownFileType = sourcecode.c.h; path = math3d.h; sourceTree = "<group>"; };
		2AABC43624BE0B3700746621 /* GLTriangleBatch.h */ = {isa = PBXFileReference; fileEncoding = 4; lastKnownFileType = sourcecode.c.h; path = GLTriangleBatch.h; sourceTree = "<group>"; };
		2AABC43724BE0B3700746621 /* GLBatch.h */ = {isa = PBXFileReference; fileEncoding = 4; lastKnownFileType = sourcecode.c.h; path = GLBatch.h; sourceTree = "<group>"; };
		2AABC43824BE0B3700746621 /* GLMatrixStack.h */ = {isa = PBXFileReference; fileEncoding = 4; lastKnownFileType = sourcecode.c.h; path = GLMatrixStack.h; sourceTree = "<group>"; };
		2AABC43924BE0B3700746621 /* GLFrame.h */ = {isa = PBXFileReference; fileEncoding = 4; lastKnownFileType = sourcecode.c.h; path = GLFrame.h; sourceTree = "<group>"; };
		2AABC43A24BE0B3700746621 /* GLFrustum.h */ = {isa = PBXFileReference; fileEncoding = 4; lastKnownFileType = sourcecode.c.h; path = GLFrustum.h; sourceTree = "<group>"; };
		2AABC43B24BE0B3700746621 /* GLGeometryTransform.h */ = {isa = PBXFileReference; fileEncoding = 4; lastKnownFileType = sourcecode.c.h; path = GLGeometryTransform.h; sourceTree = "<group>"; };
		2AABC43C24BE0B3700746621 /* GLShaderManager.h */ = {isa = PBXFileReference; fileEncoding = 4; lastKnownFileType = sourcecode.c.h; path = GLShaderManager.h; sourceTree = "<group>"; };
		2AABC43D24BE0B3700746621 /* StopWatch.h */ = {isa = PBXFileReference; fileEncoding = 4; lastKnownFileType = sourcecode.c.h; path = StopWatch.h; sourceTree = "<group>"; };
		2AABC43F24BE0B3700746621 /* glxew.h */ = {isa = PBXFileReference; fileEncoding = 4; lastKnownFileType = sourcecode.c.h; path = glxew.h; sourceTree = "<group>"; };
		2AABC44024BE0B3700746621 /* wglew.h */ = {isa = PBXFileReference; fileEncoding = 4; lastKnownFileType = sourcecode.c.h; path = wglew.h; sourceTree = "<group>"; };
		2AABC44124BE0B3700746621 /* glew.h */ = {isa = PBXFileReference; fileEncoding = 4; lastKnownFileType = sourcecode.c.h; path = glew.h; sourceTree = "<group>"; };
		2AABC44224BE0B3700746621 /* GLTools.h */ = {isa = PBXFileReference; fileEncoding = 4; lastKnownFileType = sourcecode.c.h; path = GLTools.h; sourceTree = "<group>"; };
		2AABC44324BE0B5000746621 /* libGLTools.a */ = {isa = PBXFileReference; lastKnownFileType = archive.ar; path = libGLTools.a; sourceTree = "<group>"; };
		2AABC44724BE0C1E00746621 /* main.cpp */ = {isa = PBXFileReference; lastKnownFileType = sourcecode.cpp.cpp; path = main.cpp; sourceTree = "<group>"; };
/* End PBXFileReference section */

/* Begin PBXFrameworksBuildPhase section */
		2AABC41424BE0A3C00746621 /* Frameworks */ = {
			isa = PBXFrameworksBuildPhase;
			buildActionMask = 2147483647;
			files = (
				2AABC44424BE0B5000746621 /* libGLTools.a in Frameworks */,
				2AABC43224BE0AF800746621 /* GLUT.framework in Frameworks */,
				2AABC43024BE0AF300746621 /* OpenGL.framework in Frameworks */,
			);
			runOnlyForDeploymentPostprocessing = 0;
		};
/* End PBXFrameworksBuildPhase section */

/* Begin PBXGroup section */
		2AABC40E24BE0A3C00746621 = {
			isa = PBXGroup;
			children = (
				2AABC41924BE0A3C00746621 /* DemoDemo */,
				2AABC41824BE0A3C00746621 /* Products */,
				2AABC42E24BE0AF300746621 /* Frameworks */,
			);
			sourceTree = "<group>";
		};
		2AABC41824BE0A3C00746621 /* Products */ = {
			isa = PBXGroup;
			children = (
				2AABC41724BE0A3C00746621 /* DemoDemo.app */,
			);
			name = Products;
			sourceTree = "<group>";
		};
		2AABC41924BE0A3C00746621 /* DemoDemo */ = {
			isa = PBXGroup;
			children = (
				2AABC43324BE0B3700746621 /* include */,
				2AABC42024BE0A3E00746621 /* Assets.xcassets */,
				2AABC42224BE0A3E00746621 /* Main.storyboard */,
				2AABC44724BE0C1E00746621 /* main.cpp */,
				2AABC42524BE0A3E00746621 /* Info.plist */,
				2AABC42824BE0A3E00746621 /* DemoDemo.entitlements */,
			);
			path = DemoDemo;
			sourceTree = "<group>";
		};
		2AABC42E24BE0AF300746621 /* Frameworks */ = {
			isa = PBXGroup;
			children = (
				2AABC44324BE0B5000746621 /* libGLTools.a */,
				2AABC43124BE0AF800746621 /* GLUT.framework */,
				2AABC42F24BE0AF300746621 /* OpenGL.framework */,
			);
			name = Frameworks;
			sourceTree = "<group>";
		};
		2AABC43324BE0B3700746621 /* include */ = {
			isa = PBXGroup;
			children = (
				2AABC43424BE0B3700746621 /* GLBatchBase.h */,
				2AABC43524BE0B3700746621 /* math3d.h */,
				2AABC43624BE0B3700746621 /* GLTriangleBatch.h */,
				2AABC43724BE0B3700746621 /* GLBatch.h */,
				2AABC43824BE0B3700746621 /* GLMatrixStack.h */,
				2AABC43924BE0B3700746621 /* GLFrame.h */,
				2AABC43A24BE0B3700746621 /* GLFrustum.h */,
				2AABC43B24BE0B3700746621 /* GLGeometryTransform.h */,
				2AABC43C24BE0B3700746621 /* GLShaderManager.h */,
				2AABC43D24BE0B3700746621 /* StopWatch.h */,
				2AABC43E24BE0B3700746621 /* GL */,
				2AABC44224BE0B3700746621 /* GLTools.h */,
			);
			path = include;
			sourceTree = "<group>";
		};
		2AABC43E24BE0B3700746621 /* GL */ = {
			isa = PBXGroup;
			children = (
				2AABC43F24BE0B3700746621 /* glxew.h */,
				2AABC44024BE0B3700746621 /* wglew.h */,
				2AABC44124BE0B3700746621 /* glew.h */,
			);
			path = GL;
			sourceTree = "<group>";
		};
/* End PBXGroup section */

/* Begin PBXNativeTarget section */
		2AABC41624BE0A3C00746621 /* DemoDemo */ = {
			isa = PBXNativeTarget;
			buildConfigurationList = 2AABC42B24BE0A3E00746621 /* Build configuration list for PBXNativeTarget "DemoDemo" */;
			buildPhases = (
				2AABC41324BE0A3C00746621 /* Sources */,
				2AABC41424BE0A3C00746621 /* Frameworks */,
				2AABC41524BE0A3C00746621 /* Resources */,
			);
			buildRules = (
			);
			dependencies = (
			);
			name = DemoDemo;
			productName = DemoDemo;
			productReference = 2AABC41724BE0A3C00746621 /* DemoDemo.app */;
			productType = "com.apple.product-type.application";
		};
/* End PBXNativeTarget section */

/* Begin PBXProject section */
		2AABC40F24BE0A3C00746621 /* Project object */ = {
			isa = PBXProject;
			attributes = {
				LastUpgradeCheck = 1150;
				ORGANIZATIONNAME = "李佳";
				TargetAttributes = {
					2AABC41624BE0A3C00746621 = {
						CreatedOnToolsVersion = 11.5;
					};
				};
			};
			buildConfigurationList = 2AABC41224BE0A3C00746621 /* Build configuration list for PBXProject "DemoDemo" */;
			compatibilityVersion = "Xcode 9.3";
			developmentRegion = en;
			hasScannedForEncodings = 0;
			knownRegions = (
				en,
				Base,
			);
			mainGroup = 2AABC40E24BE0A3C00746621;
			productRefGroup = 2AABC41824BE0A3C00746621 /* Products */;
			projectDirPath = "";
			projectRoot = "";
			targets = (
				2AABC41624BE0A3C00746621 /* DemoDemo */,
			);
		};
/* End PBXProject section */

/* Begin PBXResourcesBuildPhase section */
		2AABC41524BE0A3C00746621 /* Resources */ = {
			isa = PBXResourcesBuildPhase;
			buildActionMask = 2147483647;
			files = (
				2AABC42124BE0A3E00746621 /* Assets.xcassets in Resources */,
				2AABC42424BE0A3E00746621 /* Main.storyboard in Resources */,
			);
			runOnlyForDeploymentPostprocessing = 0;
		};
/* End PBXResourcesBuildPhase section */

/* Begin PBXSourcesBuildPhase section */
		2AABC41324BE0A3C00746621 /* Sources */ = {
			isa = PBXSourcesBuildPhase;
			buildActionMask = 2147483647;
			files = (
				2AABC44624BE0B9300746621 /* GLTools.h in Sources */,
				2AABC44524BE0B8E00746621 /* glew.h in Sources */,
				2AABC44824BE0C1E00746621 /* main.cpp in Sources */,
			);
			runOnlyForDeploymentPostprocessing = 0;
		};
/* End PBXSourcesBuildPhase section */

/* Begin PBXVariantGroup section */
		2AABC42224BE0A3E00746621 /* Main.storyboard */ = {
			isa = PBXVariantGroup;
			children = (
				2AABC42324BE0A3E00746621 /* Base */,
			);
			name = Main.storyboard;
			sourceTree = "<group>";
		};
/* End PBXVariantGroup section */

/* Begin XCBuildConfiguration section */
		2AABC42924BE0A3E00746621 /* Debug */ = {
			isa = XCBuildConfiguration;
			buildSettings = {
				ALWAYS_SEARCH_USER_PATHS = NO;
				CLANG_ANALYZER_NONNULL = YES;
				CLANG_ANALYZER_NUMBER_OBJECT_CONVERSION = YES_AGGRESSIVE;
				CLANG_CXX_LANGUAGE_STANDARD = "gnu++14";
				CLANG_CXX_LIBRARY = "libc++";
				CLANG_ENABLE_MODULES = YES;
				CLANG_ENABLE_OBJC_ARC = YES;
				CLANG_ENABLE_OBJC_WEAK = YES;
				CLANG_WARN_BLOCK_CAPTURE_AUTORELEASING = YES;
				CLANG_WARN_BOOL_CONVERSION = YES;
				CLANG_WARN_COMMA = YES;
				CLANG_WARN_CONSTANT_CONVERSION = YES;
				CLANG_WARN_DEPRECATED_OBJC_IMPLEMENTATIONS = YES;
				CLANG_WARN_DIRECT_OBJC_ISA_USAGE = YES_ERROR;
				CLANG_WARN_DOCUMENTATION_COMMENTS = YES;
				CLANG_WARN_EMPTY_BODY = YES;
				CLANG_WARN_ENUM_CONVERSION = YES;
				CLANG_WARN_INFINITE_RECURSION = YES;
				CLANG_WARN_INT_CONVERSION = YES;
				CLANG_WARN_NON_LITERAL_NULL_CONVERSION = YES;
				CLANG_WARN_OBJC_IMPLICIT_RETAIN_SELF = YES;
				CLANG_WARN_OBJC_LITERAL_CONVERSION = YES;
				CLANG_WARN_OBJC_ROOT_CLASS = YES_ERROR;
				CLANG_WARN_RANGE_LOOP_ANALYSIS = YES;
				CLANG_WARN_STRICT_PROTOTYPES = YES;
				CLANG_WARN_SUSPICIOUS_MOVE = YES;
				CLANG_WARN_UNGUARDED_AVAILABILITY = YES_AGGRESSIVE;
				CLANG_WARN_UNREACHABLE_CODE = YES;
				CLANG_WARN__DUPLICATE_METHOD_MATCH = YES;
				COPY_PHASE_STRIP = NO;
				DEBUG_INFORMATION_FORMAT = dwarf;
				ENABLE_STRICT_OBJC_MSGSEND = YES;
				ENABLE_TESTABILITY = YES;
				GCC_C_LANGUAGE_STANDARD = gnu11;
				GCC_DYNAMIC_NO_PIC = NO;
				GCC_NO_COMMON_BLOCKS = YES;
				GCC_OPTIMIZATION_LEVEL = 0;
				GCC_PREPROCESSOR_DEFINITIONS = (
					"DEBUG=1",
					"$(inherited)",
				);
				GCC_WARN_64_TO_32_BIT_CONVERSION = YES;
				GCC_WARN_ABOUT_RETURN_TYPE = YES_ERROR;
				GCC_WARN_UNDECLARED_SELECTOR = YES;
				GCC_WARN_UNINITIALIZED_AUTOS = YES_AGGRESSIVE;
				GCC_WARN_UNUSED_FUNCTION = YES;
				GCC_WARN_UNUSED_VARIABLE = YES;
				MACOSX_DEPLOYMENT_TARGET = 10.15;
				MTL_ENABLE_DEBUG_INFO = INCLUDE_SOURCE;
				MTL_FAST_MATH = YES;
				ONLY_ACTIVE_ARCH = YES;
				SDKROOT = macosx;
			};
			name = Debug;
		};
		2AABC42A24BE0A3E00746621 /* Release */ = {
			isa = XCBuildConfiguration;
			buildSettings = {
				ALWAYS_SEARCH_USER_PATHS = NO;
				CLANG_ANALYZER_NONNULL = YES;
				CLANG_ANALYZER_NUMBER_OBJECT_CONVERSION = YES_AGGRESSIVE;
				CLANG_CXX_LANGUAGE_STANDARD = "gnu++14";
				CLANG_CXX_LIBRARY = "libc++";
				CLANG_ENABLE_MODULES = YES;
				CLANG_ENABLE_OBJC_ARC = YES;
				CLANG_ENABLE_OBJC_WEAK = YES;
				CLANG_WARN_BLOCK_CAPTURE_AUTORELEASING = YES;
				CLANG_WARN_BOOL_CONVERSION = YES;
				CLANG_WARN_COMMA = YES;
				CLANG_WARN_CONSTANT_CONVERSION = YES;
				CLANG_WARN_DEPRECATED_OBJC_IMPLEMENTATIONS = YES;
				CLANG_WARN_DIRECT_OBJC_ISA_USAGE = YES_ERROR;
				CLANG_WARN_DOCUMENTATION_COMMENTS = YES;
				CLANG_WARN_EMPTY_BODY = YES;
				CLANG_WARN_ENUM_CONVERSION = YES;
				CLANG_WARN_INFINITE_RECURSION = YES;
				CLANG_WARN_INT_CONVERSION = YES;
				CLANG_WARN_NON_LITERAL_NULL_CONVERSION = YES;
				CLANG_WARN_OBJC_IMPLICIT_RETAIN_SELF = YES;
				CLANG_WARN_OBJC_LITERAL_CONVERSION = YES;
				CLANG_WARN_OBJC_ROOT_CLASS = YES_ERROR;
				CLANG_WARN_RANGE_LOOP_ANALYSIS = YES;
				CLANG_WARN_STRICT_PROTOTYPES = YES;
				CLANG_WARN_SUSPICIOUS_MOVE = YES;
				CLANG_WARN_UNGUARDED_AVAILABILITY = YES_AGGRESSIVE;
				CLANG_WARN_UNREACHABLE_CODE = YES;
				CLANG_WARN__DUPLICATE_METHOD_MATCH = YES;
				COPY_PHASE_STRIP = NO;
				DEBUG_INFORMATION_FORMAT = "dwarf-with-dsym";
				ENABLE_NS_ASSERTIONS = NO;
				ENABLE_STRICT_OBJC_MSGSEND = YES;
				GCC_C_LANGUAGE_STANDARD = gnu11;
				GCC_NO_COMMON_BLOCKS = YES;
				GCC_WARN_64_TO_32_BIT_CONVERSION = YES;
				GCC_WARN_ABOUT_RETURN_TYPE = YES_ERROR;
				GCC_WARN_UNDECLARED_SELECTOR = YES;
				GCC_WARN_UNINITIALIZED_AUTOS = YES_AGGRESSIVE;
				GCC_WARN_UNUSED_FUNCTION = YES;
				GCC_WARN_UNUSED_VARIABLE = YES;
				MACOSX_DEPLOYMENT_TARGET = 10.15;
				MTL_ENABLE_DEBUG_INFO = NO;
				MTL_FAST_MATH = YES;
				SDKROOT = macosx;
			};
			name = Release;
		};
		2AABC42C24BE0A3E00746621 /* Debug */ = {
			isa = XCBuildConfiguration;
			buildSettings = {
				ASSETCATALOG_COMPILER_APPICON_NAME = AppIcon;
				CODE_SIGN_ENTITLEMENTS = DemoDemo/DemoDemo.entitlements;
				CODE_SIGN_STYLE = Automatic;
				COMBINE_HIDPI_IMAGES = YES;
				INFOPLIST_FILE = DemoDemo/Info.plist;
				LD_RUNPATH_SEARCH_PATHS = (
					"$(inherited)",
					"@executable_path/../Frameworks",
				);
				LIBRARY_SEARCH_PATHS = (
					"$(inherited)",
					"$(PROJECT_DIR)",
				);
				PRODUCT_BUNDLE_IDENTIFIER = zhexin.DemoDemo;
				PRODUCT_NAME = "$(TARGET_NAME)";
			};
			name = Debug;
		};
		2AABC42D24BE0A3E00746621 /* Release */ = {
			isa = XCBuildConfiguration;
			buildSettings = {
				ASSETCATALOG_COMPILER_APPICON_NAME = AppIcon;
				CODE_SIGN_ENTITLEMENTS = DemoDemo/DemoDemo.entitlements;
				CODE_SIGN_STYLE = Automatic;
				COMBINE_HIDPI_IMAGES = YES;
				INFOPLIST_FILE = DemoDemo/Info.plist;
				LD_RUNPATH_SEARCH_PATHS = (
					"$(inherited)",
					"@executable_path/../Frameworks",
				);
				LIBRARY_SEARCH_PATHS = (
					"$(inherited)",
					"$(PROJECT_DIR)",
				);
				PRODUCT_BUNDLE_IDENTIFIER = zhexin.DemoDemo;
				PRODUCT_NAME = "$(TARGET_NAME)";
			};
			name = Release;
		};
/* End XCBuildConfiguration section */

/* Begin XCConfigurationList section */
		2AABC41224BE0A3C00746621 /* Build configuration list for PBXProject "DemoDemo" */ = {
			isa = XCConfigurationList;
			buildConfigurations = (
				2AABC42924BE0A3E00746621 /* Debug */,
				2AABC42A24BE0A3E00746621 /* Release */,
			);
			defaultConfigurationIsVisible = 0;
			defaultConfigurationName = Release;
		};
		2AABC42B24BE0A3E00746621 /* Build configuration list for PBXNativeTarget "DemoDemo" */ = {
			isa = XCConfigurationList;
			buildConfigurations = (
				2AABC42C24BE0A3E00746621 /* Debug */,
				2AABC42D24BE0A3E00746621 /* Release */,
			);
			defaultConfigurationIsVisible = 0;
			defaultConfigurationName = Release;
		};
/* End XCConfigurationList section */
	};
	rootObject = 2AABC40F24BE0A3C00746621 /* Project object */;
}
